<?xml version="1.0" encoding="utf-8"?>
<Project ToolsVersion="4.0" xmlns="http://schemas.microsoft.com/developer/msbuild/2003">
  <ItemGroup>
    <Filter Include="소스 파일">
      <UniqueIdentifier>{4FC737F1-C7A5-4376-A066-2A32D752A2FF}</UniqueIdentifier>
      <Extensions>cpp;c;cc;cxx;c++;cppm;ixx;def;odl;idl;hpj;bat;asm;asmx</Extensions>
    </Filter>
    <Filter Include="헤더 파일">
      <UniqueIdentifier>{93995380-89BD-4b04-88EB-625FBE52EBFB}</UniqueIdentifier>
      <Extensions>h;hh;hpp;hxx;h++;hm;inl;inc;ipp;xsd</Extensions>
    </Filter>
    <Filter Include="리소스 파일">
      <UniqueIdentifier>{67DA6AB6-F800-4c08-8B7A-83BB121AAD01}</UniqueIdentifier>
      <Extensions>rc;ico;cur;bmp;dlg;rc2;rct;bin;rgs;gif;jpg;jpeg;jpe;resx;tiff;tif;png;wav;mfcribbon-ms</Extensions>
    </Filter>
    <Filter Include="Math">
      <UniqueIdentifier>{f04f39b1-a7af-4c7f-9f38-63b2f1f4ed0e}</UniqueIdentifier>
    </Filter>
    <Filter Include="Stream">
      <UniqueIdentifier>{2313a4f4-8a12-4925-ba7f-3a77a0ddc300}</UniqueIdentifier>
    </Filter>
    <Filter Include="base">
      <UniqueIdentifier>{b7b94344-7b14-4e15-ba7e-a3df45d60a0e}</UniqueIdentifier>
    </Filter>
    <Filter Include="registry">
      <UniqueIdentifier>{81b77635-9198-40cb-a7e6-29f2888d6988}</UniqueIdentifier>
    </Filter>
    <Filter Include="service">
      <UniqueIdentifier>{8572c085-7832-407e-81b7-d3ec74c227bf}</UniqueIdentifier>
    </Filter>
    <Filter Include="random">
      <UniqueIdentifier>{e5324c68-915c-456f-bd26-5223f9dc303d}</UniqueIdentifier>
    </Filter>
    <Filter Include="profile">
      <UniqueIdentifier>{a25c4713-c442-4105-bf68-e77980ae2150}</UniqueIdentifier>
    </Filter>
    <Filter Include="log">
      <UniqueIdentifier>{61d18ce5-93d4-4979-9655-342271c3e471}</UniqueIdentifier>
    </Filter>
  </ItemGroup>
  <ItemGroup>
    <ClInclude Include="Math\MathLibrary.h">
      <Filter>Math</Filter>
    </ClInclude>
    <ClInclude Include="Stream\Stream.h">
      <Filter>Stream</Filter>
    </ClInclude>
    <ClInclude Include="base\study_defs.h">
      <Filter>base</Filter>
    </ClInclude>
    <ClInclude Include="registry\registry.h">
      <Filter>registry</Filter>
    </ClInclude>
    <ClInclude Include="iniFile\iniFile.h">
      <Filter>헤더 파일</Filter>
    </ClInclude>
    <ClInclude Include="service\service.h">
      <Filter>service</Filter>
    </ClInclude>
    <ClInclude Include="random\random.h">
      <Filter>random</Filter>
    </ClInclude>
    <ClInclude Include="profile\profile.h">
      <Filter>profile</Filter>
    </ClInclude>
    <ClInclude Include="log\log.h">
      <Filter>log</Filter>
    </ClInclude>
  </ItemGroup>
  <ItemGroup>
    <ClCompile Include="Math\MathLibrary.cpp">
      <Filter>Math</Filter>
    </ClCompile>
    <ClCompile Include="Stream\Stream.cpp">
      <Filter>Stream</Filter>
    </ClCompile>
    <ClCompile Include="registry\registry.cpp">
      <Filter>registry</Filter>
    </ClCompile>
    <ClCompile Include="iniFile\iniFile.cpp">
      <Filter>소스 파일</Filter>
    </ClCompile>
    <ClCompile Include="service\service.cpp">
      <Filter>service</Filter>
    </ClCompile>
    <ClCompile Include="random\random.cpp">
      <Filter>random</Filter>
    </ClCompile>
    <ClCompile Include="profile\profile.cpp">
      <Filter>profile</Filter>
    </ClCompile>
  </ItemGroup>
</Project>